
Microsoft Visual Studio Solution File, Format Version 12.00
# Visual Studio 14
VisualStudioVersion = 14.0.25420.1
MinimumVisualStudioVersion = 10.0.40219.1
Project("{FAE04EC0-301F-11D3-BF4B-00C04F79EFBC}") = "03.DependencyInversion", "03.DependencyInversion\03.DependencyInversion.csproj", "{460F5C2E-BA10-49A2-91A4-CBC7931037C0}"
EndProject
Project("{FAE04EC0-301F-11D3-BF4B-00C04F79EFBC}") = "01.EventImplementation", "01.EventImplementation\01.EventImplementation.csproj", "{EBF7469B-47FA-46E8-8C89-C0C5BF17F389}"
EndProject
Project("{FAE04EC0-301F-11D3-BF4B-00C04F79EFBC}") = "02.King’sGambit", "02.King’sGambit\02.King’sGambit.csproj", "{2FF0A369-0A20-4CD5-B67F-E6F8FDB45D48}"
EndProject
Global
	GlobalSection(SolutionConfigurationPlatforms) = preSolution
		Debug|Any CPU = Debug|Any CPU
		Release|Any CPU = Release|Any CPU
	EndGlobalSection
	GlobalSection(ProjectConfigurationPlatforms) = postSolution
		{460F5C2E-BA10-49A2-91A4-CBC7931037C0}.Debug|Any CPU.ActiveCfg = Debug|Any CPU
		{460F5C2E-BA10-49A2-91A4-CBC7931037C0}.Debug|Any CPU.Build.0 = Debug|Any CPU
		{460F5C2E-BA10-49A2-91A4-CBC7931037C0}.Release|Any CPU.ActiveCfg = Release|Any CPU
		{460F5C2E-BA10-49A2-91A4-CBC7931037C0}.Release|Any CPU.Build.0 = Release|Any CPU
		{EBF7469B-47FA-46E8-8C89-C0C5BF17F389}.Debug|Any CPU.ActiveCfg = Debug|Any CPU
		{EBF7469B-47FA-46E8-8C89-C0C5BF17F389}.Debug|Any CPU.Build.0 = Debug|Any CPU
		{EBF7469B-47FA-46E8-8C89-C0C5BF17F389}.Release|Any CPU.ActiveCfg = Release|Any CPU
		{EBF7469B-47FA-46E8-8C89-C0C5BF17F389}.Release|Any CPU.Build.0 = Release|Any CPU
		{2FF0A369-0A20-4CD5-B67F-E6F8FDB45D48}.Debug|Any CPU.ActiveCfg = Debug|Any CPU
		{2FF0A369-0A20-4CD5-B67F-E6F8FDB45D48}.Debug|Any CPU.Build.0 = Debug|Any CPU
		{2FF0A369-0A20-4CD5-B67F-E6F8FDB45D48}.Release|Any CPU.ActiveCfg = Release|Any CPU
		{2FF0A369-0A20-4CD5-B67F-E6F8FDB45D48}.Release|Any CPU.Build.0 = Release|Any CPU
	EndGlobalSection
	GlobalSection(SolutionProperties) = preSolution
		HideSolutionNode = FALSE
	EndGlobalSection
EndGlobal
