
Microsoft Visual Studio Solution File, Format Version 12.00
# Visual Studio 14
VisualStudioVersion = 14.0.25420.1
MinimumVisualStudioVersion = 10.0.40219.1
Project("{FAE04EC0-301F-11D3-BF4B-00C04F79EFBC}") = "01.EventImplementation", "01.EventImplementation\01.EventImplementation.csproj", "{FB8BEDDE-51F5-49DC-B343-CA3E67F8FEAF}"
EndProject
Project("{FAE04EC0-301F-11D3-BF4B-00C04F79EFBC}") = "03.DependencyInversion", "03.DependencyInversion\03.DependencyInversion.csproj", "{460F5C2E-BA10-49A2-91A4-CBC7931037C0}"
EndProject
Global
	GlobalSection(SolutionConfigurationPlatforms) = preSolution
		Debug|Any CPU = Debug|Any CPU
		Release|Any CPU = Release|Any CPU
	EndGlobalSection
	GlobalSection(ProjectConfigurationPlatforms) = postSolution
		{FB8BEDDE-51F5-49DC-B343-CA3E67F8FEAF}.Debug|Any CPU.ActiveCfg = Debug|Any CPU
		{FB8BEDDE-51F5-49DC-B343-CA3E67F8FEAF}.Debug|Any CPU.Build.0 = Debug|Any CPU
		{FB8BEDDE-51F5-49DC-B343-CA3E67F8FEAF}.Release|Any CPU.ActiveCfg = Release|Any CPU
		{FB8BEDDE-51F5-49DC-B343-CA3E67F8FEAF}.Release|Any CPU.Build.0 = Release|Any CPU
		{460F5C2E-BA10-49A2-91A4-CBC7931037C0}.Debug|Any CPU.ActiveCfg = Debug|Any CPU
		{460F5C2E-BA10-49A2-91A4-CBC7931037C0}.Debug|Any CPU.Build.0 = Debug|Any CPU
		{460F5C2E-BA10-49A2-91A4-CBC7931037C0}.Release|Any CPU.ActiveCfg = Release|Any CPU
		{460F5C2E-BA10-49A2-91A4-CBC7931037C0}.Release|Any CPU.Build.0 = Release|Any CPU
	EndGlobalSection
	GlobalSection(SolutionProperties) = preSolution
		HideSolutionNode = FALSE
	EndGlobalSection
EndGlobal
