
Microsoft Visual Studio Solution File, Format Version 12.00
# Visual Studio 14
VisualStudioVersion = 14.0.23107.0
MinimumVisualStudioVersion = 10.0.40219.1
Project("{FAE04EC0-301F-11D3-BF4B-00C04F79EFBC}") = "ImpressTheGirlfriend", "ImpressTheGirlfriend\ImpressTheGirlfriend.csproj", "{738EFD95-9744-47EB-953D-004A825B8A47}"
EndProject
Project("{FAE04EC0-301F-11D3-BF4B-00C04F79EFBC}") = "02.TakeThePlaneDown", "02.TakeThePlaneDown\02.TakeThePlaneDown.csproj", "{3E990841-FAEF-4568-B273-0746FB901AC1}"
EndProject
Project("{FAE04EC0-301F-11D3-BF4B-00C04F79EFBC}") = "03.AceOfDiamonds", "03.AceOfDiamonds\03.AceOfDiamonds.csproj", "{DD42C7D1-6086-422A-9479-FE615967310B}"
EndProject
Global
	GlobalSection(SolutionConfigurationPlatforms) = preSolution
		Debug|Any CPU = Debug|Any CPU
		Release|Any CPU = Release|Any CPU
	EndGlobalSection
	GlobalSection(ProjectConfigurationPlatforms) = postSolution
		{738EFD95-9744-47EB-953D-004A825B8A47}.Debug|Any CPU.ActiveCfg = Debug|Any CPU
		{738EFD95-9744-47EB-953D-004A825B8A47}.Debug|Any CPU.Build.0 = Debug|Any CPU
		{738EFD95-9744-47EB-953D-004A825B8A47}.Release|Any CPU.ActiveCfg = Release|Any CPU
		{738EFD95-9744-47EB-953D-004A825B8A47}.Release|Any CPU.Build.0 = Release|Any CPU
		{3E990841-FAEF-4568-B273-0746FB901AC1}.Debug|Any CPU.ActiveCfg = Debug|Any CPU
		{3E990841-FAEF-4568-B273-0746FB901AC1}.Debug|Any CPU.Build.0 = Debug|Any CPU
		{3E990841-FAEF-4568-B273-0746FB901AC1}.Release|Any CPU.ActiveCfg = Release|Any CPU
		{3E990841-FAEF-4568-B273-0746FB901AC1}.Release|Any CPU.Build.0 = Release|Any CPU
		{DD42C7D1-6086-422A-9479-FE615967310B}.Debug|Any CPU.ActiveCfg = Debug|Any CPU
		{DD42C7D1-6086-422A-9479-FE615967310B}.Debug|Any CPU.Build.0 = Debug|Any CPU
		{DD42C7D1-6086-422A-9479-FE615967310B}.Release|Any CPU.ActiveCfg = Release|Any CPU
		{DD42C7D1-6086-422A-9479-FE615967310B}.Release|Any CPU.Build.0 = Release|Any CPU
	EndGlobalSection
	GlobalSection(SolutionProperties) = preSolution
		HideSolutionNode = FALSE
	EndGlobalSection
EndGlobal
