
Microsoft Visual Studio Solution File, Format Version 12.00
# Visual Studio 14
VisualStudioVersion = 14.0.25420.1
MinimumVisualStudioVersion = 10.0.40219.1
Project("{FAE04EC0-301F-11D3-BF4B-00C04F79EFBC}") = "01.ListyIterator", "01.ListyIterator\01.ListyIterator.csproj", "{DF2A5BC7-02E6-4881-998B-2AF2FBC6AE76}"
EndProject
Project("{FAE04EC0-301F-11D3-BF4B-00C04F79EFBC}") = "02.Collection", "02.Collection\02.Collection.csproj", "{EFF0E464-F531-4689-84C8-0A5BD9B6F2E9}"
EndProject
Project("{FAE04EC0-301F-11D3-BF4B-00C04F79EFBC}") = "03.Stack", "03.Stack\03.Stack.csproj", "{A46E1238-E8A3-4A86-8E9B-4B1462B33848}"
EndProject
Project("{FAE04EC0-301F-11D3-BF4B-00C04F79EFBC}") = "04.Froggy", "04.Froggy\04.Froggy.csproj", "{55863E62-9CBE-4C6D-9866-6FB10DA2FCAD}"
EndProject
Project("{FAE04EC0-301F-11D3-BF4B-00C04F79EFBC}") = "05.ComparingObjects", "05.ComparingObjects\05.ComparingObjects.csproj", "{8E8890BA-F095-4809-BFE0-8E65B2F44078}"
EndProject
Project("{FAE04EC0-301F-11D3-BF4B-00C04F79EFBC}") = "06.StrategyPattern", "06.StrategyPattern\06.StrategyPattern.csproj", "{2E5746CC-28B1-49CF-97F4-9E07911259F2}"
EndProject
Project("{FAE04EC0-301F-11D3-BF4B-00C04F79EFBC}") = "07.EqualityLogic", "07.EqualityLogic\07.EqualityLogic.csproj", "{DAF207FE-42B2-49EE-9E08-EFEDFB88466F}"
EndProject
Global
	GlobalSection(SolutionConfigurationPlatforms) = preSolution
		Debug|Any CPU = Debug|Any CPU
		Release|Any CPU = Release|Any CPU
	EndGlobalSection
	GlobalSection(ProjectConfigurationPlatforms) = postSolution
		{DF2A5BC7-02E6-4881-998B-2AF2FBC6AE76}.Debug|Any CPU.ActiveCfg = Debug|Any CPU
		{DF2A5BC7-02E6-4881-998B-2AF2FBC6AE76}.Debug|Any CPU.Build.0 = Debug|Any CPU
		{DF2A5BC7-02E6-4881-998B-2AF2FBC6AE76}.Release|Any CPU.ActiveCfg = Release|Any CPU
		{DF2A5BC7-02E6-4881-998B-2AF2FBC6AE76}.Release|Any CPU.Build.0 = Release|Any CPU
		{EFF0E464-F531-4689-84C8-0A5BD9B6F2E9}.Debug|Any CPU.ActiveCfg = Debug|Any CPU
		{EFF0E464-F531-4689-84C8-0A5BD9B6F2E9}.Debug|Any CPU.Build.0 = Debug|Any CPU
		{EFF0E464-F531-4689-84C8-0A5BD9B6F2E9}.Release|Any CPU.ActiveCfg = Release|Any CPU
		{EFF0E464-F531-4689-84C8-0A5BD9B6F2E9}.Release|Any CPU.Build.0 = Release|Any CPU
		{A46E1238-E8A3-4A86-8E9B-4B1462B33848}.Debug|Any CPU.ActiveCfg = Debug|Any CPU
		{A46E1238-E8A3-4A86-8E9B-4B1462B33848}.Debug|Any CPU.Build.0 = Debug|Any CPU
		{A46E1238-E8A3-4A86-8E9B-4B1462B33848}.Release|Any CPU.ActiveCfg = Release|Any CPU
		{A46E1238-E8A3-4A86-8E9B-4B1462B33848}.Release|Any CPU.Build.0 = Release|Any CPU
		{55863E62-9CBE-4C6D-9866-6FB10DA2FCAD}.Debug|Any CPU.ActiveCfg = Debug|Any CPU
		{55863E62-9CBE-4C6D-9866-6FB10DA2FCAD}.Debug|Any CPU.Build.0 = Debug|Any CPU
		{55863E62-9CBE-4C6D-9866-6FB10DA2FCAD}.Release|Any CPU.ActiveCfg = Release|Any CPU
		{55863E62-9CBE-4C6D-9866-6FB10DA2FCAD}.Release|Any CPU.Build.0 = Release|Any CPU
		{8E8890BA-F095-4809-BFE0-8E65B2F44078}.Debug|Any CPU.ActiveCfg = Debug|Any CPU
		{8E8890BA-F095-4809-BFE0-8E65B2F44078}.Debug|Any CPU.Build.0 = Debug|Any CPU
		{8E8890BA-F095-4809-BFE0-8E65B2F44078}.Release|Any CPU.ActiveCfg = Release|Any CPU
		{8E8890BA-F095-4809-BFE0-8E65B2F44078}.Release|Any CPU.Build.0 = Release|Any CPU
		{2E5746CC-28B1-49CF-97F4-9E07911259F2}.Debug|Any CPU.ActiveCfg = Debug|Any CPU
		{2E5746CC-28B1-49CF-97F4-9E07911259F2}.Debug|Any CPU.Build.0 = Debug|Any CPU
		{2E5746CC-28B1-49CF-97F4-9E07911259F2}.Release|Any CPU.ActiveCfg = Release|Any CPU
		{2E5746CC-28B1-49CF-97F4-9E07911259F2}.Release|Any CPU.Build.0 = Release|Any CPU
		{DAF207FE-42B2-49EE-9E08-EFEDFB88466F}.Debug|Any CPU.ActiveCfg = Debug|Any CPU
		{DAF207FE-42B2-49EE-9E08-EFEDFB88466F}.Debug|Any CPU.Build.0 = Debug|Any CPU
		{DAF207FE-42B2-49EE-9E08-EFEDFB88466F}.Release|Any CPU.ActiveCfg = Release|Any CPU
		{DAF207FE-42B2-49EE-9E08-EFEDFB88466F}.Release|Any CPU.Build.0 = Release|Any CPU
	EndGlobalSection
	GlobalSection(SolutionProperties) = preSolution
		HideSolutionNode = FALSE
	EndGlobalSection
EndGlobal
